PODS:
  - Flutter (1.0.0)
  - flutterpgp (0.0.1):
    - Flutter

DEPENDENCIES:
  - Flutter (from `.symlinks/flutter/ios`)
  - flutterpgp (from `.symlinks/plugins/flutterpgp/ios`)

EXTERNAL SOURCES:
  Flutter:
    :path: ".symlinks/flutter/ios"
  flutterpgp:
    :path: ".symlinks/plugins/flutterpgp/ios"

SPEC CHECKSUMS:
  Flutter: 9d0fac939486c9aba2809b7982dfdbb47a7b0296
  flutterpgp: be1e6302c11922b9a154e440bd0d62e7058f9376

PODFILE CHECKSUM: 1e5af4103afd21ca5ead147d7b81d06f494f51a2

COCOAPODS: 1.5.3
